
Microsoft Visual Studio Solution File, Format Version 12.00
# Visual Studio 15
VisualStudioVersion = 15.0.28307.421
MinimumVisualStudioVersion = 10.0.40219.1
Project("{FAE04EC0-301F-11D3-BF4B-00C04F79EFBC}") = "Task1", "Task1\Task1.csproj", "{E803BDFC-0963-410D-A1A3-69306688AB59}"
EndProject
Global
	GlobalSection(SolutionConfigurationPlatforms) = preSolution
		Debug|Any CPU = Debug|Any CPU
		Release|Any CPU = Release|Any CPU
	EndGlobalSection
	GlobalSection(ProjectConfigurationPlatforms) = postSolution
		{E803BDFC-0963-410D-A1A3-69306688AB59}.Debug|Any CPU.ActiveCfg = Debug|Any CPU
		{E803BDFC-0963-410D-A1A3-69306688AB59}.Debug|Any CPU.Build.0 = Debug|Any CPU
		{E803BDFC-0963-410D-A1A3-69306688AB59}.Release|Any CPU.ActiveCfg = Release|Any CPU
		{E803BDFC-0963-410D-A1A3-69306688AB59}.Release|Any CPU.Build.0 = Release|Any CPU
	EndGlobalSection
	GlobalSection(SolutionProperties) = preSolution
		HideSolutionNode = FALSE
	EndGlobalSection
	GlobalSection(ExtensibilityGlobals) = postSolution
		SolutionGuid = {AA9DAE55-8990-42B5-ADDA-3CB3B21E1CDF}
	EndGlobalSection
EndGlobal
